// !$*UTF8*$!
{
	archiveVersion = 1;
	classes = {
	};
	objectVersion = 56;
	objects = {

/* Begin PBXBuildFile section */
		CEF83D4E2B17EA56004AE3DC /* Final_Project__Sleep_AppApp.swift in Sources */ = {isa = PBXBuildFile; fileRef = CEF83D4D2B17EA56004AE3DC /* Final_Project__Sleep_AppApp.swift */; };
		CEF83D502B17EA56004AE3DC /* ContentView.swift in Sources */ = {isa = PBXBuildFile; fileRef = CEF83D4F2B17EA56004AE3DC /* ContentView.swift */; };
		CEF83D522B17EA59004AE3DC /* Assets.xcassets in Resources */ = {isa = PBXBuildFile; fileRef = CEF83D512B17EA59004AE3DC /* Assets.xcassets */; };
		CEF83D552B17EA59004AE3DC /* Preview Assets.xcassets in Resources */ = {isa = PBXBuildFile; fileRef = CEF83D542B17EA59004AE3DC /* Preview Assets.xcassets */; };
		CEF83D5C2B17EE01004AE3DC /* Count Sheep.swift in Sources */ = {isa = PBXBuildFile; fileRef = CEF83D5B2B17EE01004AE3DC /* Count Sheep.swift */; };
		CEF83D5E2B17EE1B004AE3DC /* SecondPage.swift in Sources */ = {isa = PBXBuildFile; fileRef = CEF83D5D2B17EE1B004AE3DC /* SecondPage.swift */; };
		CEF83D602B17EE28004AE3DC /* Third Page.swift in Sources */ = {isa = PBXBuildFile; fileRef = CEF83D5F2B17EE28004AE3DC /* Third Page.swift */; };
/* End PBXBuildFile section */

/* Begin PBXFileReference section */
		CEF83D4A2B17EA56004AE3DC /* Final Project- Sleep App.app */ = {isa = PBXFileReference; explicitFileType = wrapper.application; includeInIndex = 0; path = "Final Project- Sleep App.app"; sourceTree = BUILT_PRODUCTS_DIR; };
		CEF83D4D2B17EA56004AE3DC /* Final_Project__Sleep_AppApp.swift */ = {isa = PBXFileReference; lastKnownFileType = sourcecode.swift; path = Final_Project__Sleep_AppApp.swift; sourceTree = "<group>"; };
		CEF83D4F2B17EA56004AE3DC /* ContentView.swift */ = {isa = PBXFileReference; lastKnownFileType = sourcecode.swift; path = ContentView.swift; sourceTree = "<group>"; };
		CEF83D512B17EA59004AE3DC /* Assets.xcassets */ = {isa = PBXFileReference; lastKnownFileType = folder.assetcatalog; path = Assets.xcassets; sourceTree = "<group>"; };
		CEF83D542B17EA59004AE3DC /* Preview Assets.xcassets */ = {isa = PBXFileReference; lastKnownFileType = folder.assetcatalog; path = "Preview Assets.xcassets"; sourceTree = "<group>"; };
		CEF83D5B2B17EE01004AE3DC /* Count Sheep.swift */ = {isa = PBXFileReference; lastKnownFileType = sourcecode.swift; path = "Count Sheep.swift"; sourceTree = "<group>"; };
		CEF83D5D2B17EE1B004AE3DC /* SecondPage.swift */ = {isa = PBXFileReference; lastKnownFileType = sourcecode.swift; path = SecondPage.swift; sourceTree = "<group>"; };
		CEF83D5F2B17EE28004AE3DC /* Third Page.swift */ = {isa = PBXFileReference; lastKnownFileType = sourcecode.swift; path = "Third Page.swift"; sourceTree = "<group>"; };
/* End PBXFileReference section */

/* Begin PBXFrameworksBuildPhase section */
		CEF83D472B17EA56004AE3DC /* Frameworks */ = {
			isa = PBXFrameworksBuildPhase;
			buildActionMask = 2147483647;
			files = (
			);
			runOnlyForDeploymentPostprocessing = 0;
		};
/* End PBXFrameworksBuildPhase section */

/* Begin PBXGroup section */
		CEF83D412B17EA56004AE3DC = {
			isa = PBXGroup;
			children = (
				CEF83D4C2B17EA56004AE3DC /* Final Project- Sleep App */,
				CEF83D4B2B17EA56004AE3DC /* Products */,
			);
			sourceTree = "<group>";
		};
		CEF83D4B2B17EA56004AE3DC /* Products */ = {
			isa = PBXGroup;
			children = (
				CEF83D4A2B17EA56004AE3DC /* Final Project- Sleep App.app */,
			);
			name = Products;
			sourceTree = "<group>";
		};
		CEF83D4C2B17EA56004AE3DC /* Final Project- Sleep App */ = {
			isa = PBXGroup;
			children = (
				CEF83D4D2B17EA56004AE3DC /* Final_Project__Sleep_AppApp.swift */,
				CEF83D4F2B17EA56004AE3DC /* ContentView.swift */,
				CEF83D5B2B17EE01004AE3DC /* Count Sheep.swift */,
				CEF83D5D2B17EE1B004AE3DC /* SecondPage.swift */,
				CEF83D5F2B17EE28004AE3DC /* Third Page.swift */,
				CEF83D512B17EA59004AE3DC /* Assets.xcassets */,
				CEF83D532B17EA59004AE3DC /* Preview Content */,
			);
			path = "Final Project- Sleep App";
			sourceTree = "<group>";
		};
		CEF83D532B17EA59004AE3DC /* Preview Content */ = {
			isa = PBXGroup;
			children = (
				CEF83D542B17EA59004AE3DC /* Preview Assets.xcassets */,
			);
			path = "Preview Content";
			sourceTree = "<group>";
		};
/* End PBXGroup section */

/* Begin PBXNativeTarget section */
		CEF83D492B17EA56004AE3DC /* Final Project- Sleep App */ = {
			isa = PBXNativeTarget;
			buildConfigurationList = CEF83D582B17EA59004AE3DC /* Build configuration list for PBXNativeTarget "Final Project- Sleep App" */;
			buildPhases = (
				CEF83D462B17EA56004AE3DC /* Sources */,
				CEF83D472B17EA56004AE3DC /* Frameworks */,
				CEF83D482B17EA56004AE3DC /* Resources */,
			);
			buildRules = (
			);
			dependencies = (
			);
			name = "Final Project- Sleep App";
			productName = "Final Project- Sleep App";
			productReference = CEF83D4A2B17EA56004AE3DC /* Final Project- Sleep App.app */;
			productType = "com.apple.product-type.application";
		};
/* End PBXNativeTarget section */

/* Begin PBXProject section */
		CEF83D422B17EA56004AE3DC /* Project object */ = {
			isa = PBXProject;
			attributes = {
				BuildIndependentTargetsInParallel = 1;
				LastSwiftUpdateCheck = 1500;
				LastUpgradeCheck = 1500;
				TargetAttributes = {
					CEF83D492B17EA56004AE3DC = {
						CreatedOnToolsVersion = 15.0;
					};
				};
			};
			buildConfigurationList = CEF83D452B17EA56004AE3DC /* Build configuration list for PBXProject "Final Project- Sleep App" */;
			compatibilityVersion = "Xcode 14.0";
			developmentRegion = en;
			hasScannedForEncodings = 0;
			knownRegions = (
				en,
				Base,
			);
			mainGroup = CEF83D412B17EA56004AE3DC;
			productRefGroup = CEF83D4B2B17EA56004AE3DC /* Products */;
			projectDirPath = "";
			projectRoot = "";
			targets = (
				CEF83D492B17EA56004AE3DC /* Final Project- Sleep App */,
			);
		};
/* End PBXProject section */

/* Begin PBXResourcesBuildPhase section */
		CEF83D482B17EA56004AE3DC /* Resources */ = {
			isa = PBXResourcesBuildPhase;
			buildActionMask = 2147483647;
			files = (
				CEF83D552B17EA59004AE3DC /* Preview Assets.xcassets in Resources */,
				CEF83D522B17EA59004AE3DC /* Assets.xcassets in Resources */,
			);
			runOnlyForDeploymentPostprocessing = 0;
		};
/* End PBXResourcesBuildPhase section */

/* Begin PBXSourcesBuildPhase section */
		CEF83D462B17EA56004AE3DC /* Sources */ = {
			isa = PBXSourcesBuildPhase;
			buildActionMask = 2147483647;
			files = (
				CEF83D602B17EE28004AE3DC /* Third Page.swift in Sources */,
				CEF83D5E2B17EE1B004AE3DC /* SecondPage.swift in Sources */,
				CEF83D5C2B17EE01004AE3DC /* Count Sheep.swift in Sources */,
				CEF83D502B17EA56004AE3DC /* ContentView.swift in Sources */,
				CEF83D4E2B17EA56004AE3DC /* Final_Project__Sleep_AppApp.swift in Sources */,
			);
			runOnlyForDeploymentPostprocessing = 0;
		};
/* End PBXSourcesBuildPhase section */

/* Begin XCBuildConfiguration section */
		CEF83D562B17EA59004AE3DC /* Debug */ = {
			isa = XCBuildConfiguration;
			buildSettings = {
				ALWAYS_SEARCH_USER_PATHS = NO;
				ASSETCATALOG_COMPILER_GENERATE_SWIFT_ASSET_SYMBOL_EXTENSIONS = YES;
				CLANG_ANALYZER_NONNULL = YES;
				CLANG_ANALYZER_NUMBER_OBJECT_CONVERSION = YES_AGGRESSIVE;
				CLANG_CXX_LANGUAGE_STANDARD = "gnu++20";
				CLANG_ENABLE_MODULES = YES;
				CLANG_ENABLE_OBJC_ARC = YES;
				CLANG_ENABLE_OBJC_WEAK = YES;
				CLANG_WARN_BLOCK_CAPTURE_AUTORELEASING = YES;
				CLANG_WARN_BOOL_CONVERSION = YES;
				CLANG_WARN_COMMA = YES;
				CLANG_WARN_CONSTANT_CONVERSION = YES;
				CLANG_WARN_DEPRECATED_OBJC_IMPLEMENTATIONS = YES;
				CLANG_WARN_DIRECT_OBJC_ISA_USAGE = YES_ERROR;
				CLANG_WARN_DOCUMENTATION_COMMENTS = YES;
				CLANG_WARN_EMPTY_BODY = YES;
				CLANG_WARN_ENUM_CONVERSION = YES;
				CLANG_WARN_INFINITE_RECURSION = YES;
				CLANG_WARN_INT_CONVERSION = YES;
				CLANG_WARN_NON_LITERAL_NULL_CONVERSION = YES;
				CLANG_WARN_OBJC_IMPLICIT_RETAIN_SELF = YES;
				CLANG_WARN_OBJC_LITERAL_CONVERSION = YES;
				CLANG_WARN_OBJC_ROOT_CLASS = YES_ERROR;
				CLANG_WARN_QUOTED_INCLUDE_IN_FRAMEWORK_HEADER = YES;
				CLANG_WARN_RANGE_LOOP_ANALYSIS = YES;
				CLANG_WARN_STRICT_PROTOTYPES = YES;
				CLANG_WARN_SUSPICIOUS_MOVE = YES;
				CLANG_WARN_UNGUARDED_AVAILABILITY = YES_AGGRESSIVE;
				CLANG_WARN_UNREACHABLE_CODE = YES;
				CLANG_WARN__DUPLICATE_METHOD_MATCH = YES;
				COPY_PHASE_STRIP = NO;
				DEBUG_INFORMATION_FORMAT = dwarf;
				ENABLE_STRICT_OBJC_MSGSEND = YES;
				ENABLE_TESTABILITY = YES;
				ENABLE_USER_SCRIPT_SANDBOXING = YES;
				GCC_C_LANGUAGE_STANDARD = gnu17;
				GCC_DYNAMIC_NO_PIC = NO;
				GCC_NO_COMMON_BLOCKS = YES;
				GCC_OPTIMIZATION_LEVEL = 0;
				GCC_PREPROCESSOR_DEFINITIONS = (
					"DEBUG=1",
					"$(inherited)",
				);
				GCC_WARN_64_TO_32_BIT_CONVERSION = YES;
				GCC_WARN_ABOUT_RETURN_TYPE = YES_ERROR;
				GCC_WARN_UNDECLARED_SELECTOR = YES;
				GCC_WARN_UNINITIALIZED_AUTOS = YES_AGGRESSIVE;
				GCC_WARN_UNUSED_FUNCTION = YES;
				GCC_WARN_UNUSED_VARIABLE = YES;
				IPHONEOS_DEPLOYMENT_TARGET = 17.0;
				LOCALIZATION_PREFERS_STRING_CATALOGS = YES;
				MTL_ENABLE_DEBUG_INFO = INCLUDE_SOURCE;
				MTL_FAST_MATH = YES;
				ONLY_ACTIVE_ARCH = YES;
				SDKROOT = iphoneos;
				SWIFT_ACTIVE_COMPILATION_CONDITIONS = "DEBUG $(inherited)";
				SWIFT_OPTIMIZATION_LEVEL = "-Onone";
			};
			name = Debug;
		};
		CEF83D572B17EA59004AE3DC /* Release */ = {
			isa = XCBuildConfiguration;
			buildSettings = {
				ALWAYS_SEARCH_USER_PATHS = NO;
				ASSETCATALOG_COMPILER_GENERATE_SWIFT_ASSET_SYMBOL_EXTENSIONS = YES;
				CLANG_ANALYZER_NONNULL = YES;
				CLANG_ANALYZER_NUMBER_OBJECT_CONVERSION = YES_AGGRESSIVE;
				CLANG_CXX_LANGUAGE_STANDARD = "gnu++20";
				CLANG_ENABLE_MODULES = YES;
				CLANG_ENABLE_OBJC_ARC = YES;
				CLANG_ENABLE_OBJC_WEAK = YES;
				CLANG_WARN_BLOCK_CAPTURE_AUTORELEASING = YES;
				CLANG_WARN_BOOL_CONVERSION = YES;
				CLANG_WARN_COMMA = YES;
				CLANG_WARN_CONSTANT_CONVERSION = YES;
				CLANG_WARN_DEPRECATED_OBJC_IMPLEMENTATIONS = YES;
				CLANG_WARN_DIRECT_OBJC_ISA_USAGE = YES_ERROR;
				CLANG_WARN_DOCUMENTATION_COMMENTS = YES;
				CLANG_WARN_EMPTY_BODY = YES;
				CLANG_WARN_ENUM_CONVERSION = YES;
				CLANG_WARN_INFINITE_RECURSION = YES;
				CLANG_WARN_INT_CONVERSION = YES;
				CLANG_WARN_NON_LITERAL_NULL_CONVERSION = YES;
				CLANG_WARN_OBJC_IMPLICIT_RETAIN_SELF = YES;
				CLANG_WARN_OBJC_LITERAL_CONVERSION = YES;
				CLANG_WARN_OBJC_ROOT_CLASS = YES_ERROR;
				CLANG_WARN_QUOTED_INCLUDE_IN_FRAMEWORK_HEADER = YES;
				CLANG_WARN_RANGE_LOOP_ANALYSIS = YES;
				CLANG_WARN_STRICT_PROTOTYPES = YES;
				CLANG_WARN_SUSPICIOUS_MOVE = YES;
				CLANG_WARN_UNGUARDED_AVAILABILITY = YES_AGGRESSIVE;
				CLANG_WARN_UNREACHABLE_CODE = YES;
				CLANG_WARN__DUPLICATE_METHOD_MATCH = YES;
				COPY_PHASE_STRIP = NO;
				DEBUG_INFORMATION_FORMAT = "dwarf-with-dsym";
				ENABLE_NS_ASSERTIONS = NO;
				ENABLE_STRICT_OBJC_MSGSEND = YES;
				ENABLE_USER_SCRIPT_SANDBOXING = YES;
				GCC_C_LANGUAGE_STANDARD = gnu17;
				GCC_NO_COMMON_BLOCKS = YES;
				GCC_WARN_64_TO_32_BIT_CONVERSION = YES;
				GCC_WARN_ABOUT_RETURN_TYPE = YES_ERROR;
				GCC_WARN_UNDECLARED_SELECTOR = YES;
				GCC_WARN_UNINITIALIZED_AUTOS = YES_AGGRESSIVE;
				GCC_WARN_UNUSED_FUNCTION = YES;
				GCC_WARN_UNUSED_VARIABLE = YES;
				IPHONEOS_DEPLOYMENT_TARGET = 17.0;
				LOCALIZATION_PREFERS_STRING_CATALOGS = YES;
				MTL_ENABLE_DEBUG_INFO = NO;
				MTL_FAST_MATH = YES;
				SDKROOT = iphoneos;
				SWIFT_COMPILATION_MODE = wholemodule;
				VALIDATE_PRODUCT = YES;
			};
			name = Release;
		};
		CEF83D592B17EA59004AE3DC /* Debug */ = {
			isa = XCBuildConfiguration;
			buildSettings = {
				ASSETCATALOG_COMPILER_APPICON_NAME = AppIcon;
				ASSETCATALOG_COMPILER_GLOBAL_ACCENT_COLOR_NAME = AccentColor;
				CODE_SIGN_STYLE = Automatic;
				CURRENT_PROJECT_VERSION = 1;
				DEVELOPMENT_ASSET_PATHS = "\"Final Project- Sleep App/Preview Content\"";
				DEVELOPMENT_TEAM = 6N5NLAGF96;
				ENABLE_PREVIEWS = YES;
				GENERATE_INFOPLIST_FILE = YES;
				INFOPLIST_KEY_UIApplicationSceneManifest_Generation = YES;
				INFOPLIST_KEY_UIApplicationSupportsIndirectInputEvents = YES;
				INFOPLIST_KEY_UILaunchScreen_Generation = YES;
				INFOPLIST_KEY_UISupportedInterfaceOrientations_iPad = "UIInterfaceOrientationPortrait UIInterfaceOrientationPortraitUpsideDown UIInterfaceOrientationLandscapeLeft UIInterfaceOrientationLandscapeRight";
				INFOPLIST_KEY_UISupportedInterfaceOrientations_iPhone = "UIInterfaceOrientationPortrait UIInterfaceOrientationLandscapeLeft UIInterfaceOrientationLandscapeRight";
				LD_RUNPATH_SEARCH_PATHS = (
					"$(inherited)",
					"@executable_path/Frameworks",
				);
				MARKETING_VERSION = 1.0;
				PRODUCT_BUNDLE_IDENTIFIER = "cp3636.Final-Project--Sleep-App";
				PRODUCT_NAME = "$(TARGET_NAME)";
				SWIFT_EMIT_LOC_STRINGS = YES;
				SWIFT_VERSION = 5.0;
				TARGETED_DEVICE_FAMILY = "1,2";
			};
			name = Debug;
		};
		CEF83D5A2B17EA59004AE3DC /* Release */ = {
			isa = XCBuildConfiguration;
			buildSettings = {
				ASSETCATALOG_COMPILER_APPICON_NAME = AppIcon;
				ASSETCATALOG_COMPILER_GLOBAL_ACCENT_COLOR_NAME = AccentColor;
				CODE_SIGN_STYLE = Automatic;
				CURRENT_PROJECT_VERSION = 1;
				DEVELOPMENT_ASSET_PATHS = "\"Final Project- Sleep App/Preview Content\"";
				DEVELOPMENT_TEAM = 6N5NLAGF96;
				ENABLE_PREVIEWS = YES;
				GENERATE_INFOPLIST_FILE = YES;
				INFOPLIST_KEY_UIApplicationSceneManifest_Generation = YES;
				INFOPLIST_KEY_UIApplicationSupportsIndirectInputEvents = YES;
				INFOPLIST_KEY_UILaunchScreen_Generation = YES;
				INFOPLIST_KEY_UISupportedInterfaceOrientations_iPad = "UIInterfaceOrientationPortrait UIInterfaceOrientationPortraitUpsideDown UIInterfaceOrientationLandscapeLeft UIInterfaceOrientationLandscapeRight";
				INFOPLIST_KEY_UISupportedInterfaceOrientations_iPhone = "UIInterfaceOrientationPortrait UIInterfaceOrientationLandscapeLeft UIInterfaceOrientationLandscapeRight";
				LD_RUNPATH_SEARCH_PATHS = (
					"$(inherited)",
					"@executable_path/Frameworks",
				);
				MARKETING_VERSION = 1.0;
				PRODUCT_BUNDLE_IDENTIFIER = "cp3636.Final-Project--Sleep-App";
				PRODUCT_NAME = "$(TARGET_NAME)";
				SWIFT_EMIT_LOC_STRINGS = YES;
				SWIFT_VERSION = 5.0;
				TARGETED_DEVICE_FAMILY = "1,2";
			};
			name = Release;
		};
/* End XCBuildConfiguration section */

/* Begin XCConfigurationList section */
		CEF83D452B17EA56004AE3DC /* Build configuration list for PBXProject "Final Project- Sleep App" */ = {
			isa = XCConfigurationList;
			buildConfigurations = (
				CEF83D562B17EA59004AE3DC /* Debug */,
				CEF83D572B17EA59004AE3DC /* Release */,
			);
			defaultConfigurationIsVisible = 0;
			defaultConfigurationName = Release;
		};
		CEF83D582B17EA59004AE3DC /* Build configuration list for PBXNativeTarget "Final Project- Sleep App" */ = {
			isa = XCConfigurationList;
			buildConfigurations = (
				CEF83D592B17EA59004AE3DC /* Debug */,
				CEF83D5A2B17EA59004AE3DC /* Release */,
			);
			defaultConfigurationIsVisible = 0;
			defaultConfigurationName = Release;
		};
/* End XCConfigurationList section */
	};
	rootObject = CEF83D422B17EA56004AE3DC /* Project object */;
}
